
Microsoft Visual Studio Solution File, Format Version 12.00
# Visual Studio Version 16
VisualStudioVersion = 16.0.30621.155
MinimumVisualStudioVersion = 10.0.40219.1
Project("{9A19103F-16F7-4668-BE54-9A1E7A4F7556}") = "MockSchool.Web", "MockSchool.Web\MockSchool.Web.csproj", "{AF60FE21-52E8-4B64-B184-32C12C7E85E3}"
EndProject
Project("{9A19103F-16F7-4668-BE54-9A1E7A4F7556}") = "MockSchool.Infrastructure", "MockSchool.Infrastructure\MockSchool.Infrastructure.csproj", "{6F2D8D83-B5C7-4D45-AC19-C4F887EC2A64}"
EndProject
Project("{FAE04EC0-301F-11D3-BF4B-00C04F79EFBC}") = "WebApplication1", "WebApplication1\WebApplication1.csproj", "{2598FB6F-D3C3-4FA2-A46D-7F1A0BEC9457}"
EndProject
Global
	GlobalSection(SolutionConfigurationPlatforms) = preSolution
		Debug|Any CPU = Debug|Any CPU
		Release|Any CPU = Release|Any CPU
	EndGlobalSection
	GlobalSection(ProjectConfigurationPlatforms) = postSolution
		{AF60FE21-52E8-4B64-B184-32C12C7E85E3}.Debug|Any CPU.ActiveCfg = Debug|Any CPU
		{AF60FE21-52E8-4B64-B184-32C12C7E85E3}.Debug|Any CPU.Build.0 = Debug|Any CPU
		{AF60FE21-52E8-4B64-B184-32C12C7E85E3}.Release|Any CPU.ActiveCfg = Release|Any CPU
		{AF60FE21-52E8-4B64-B184-32C12C7E85E3}.Release|Any CPU.Build.0 = Release|Any CPU
		{6F2D8D83-B5C7-4D45-AC19-C4F887EC2A64}.Debug|Any CPU.ActiveCfg = Debug|Any CPU
		{6F2D8D83-B5C7-4D45-AC19-C4F887EC2A64}.Debug|Any CPU.Build.0 = Debug|Any CPU
		{6F2D8D83-B5C7-4D45-AC19-C4F887EC2A64}.Release|Any CPU.ActiveCfg = Release|Any CPU
		{6F2D8D83-B5C7-4D45-AC19-C4F887EC2A64}.Release|Any CPU.Build.0 = Release|Any CPU
		{2598FB6F-D3C3-4FA2-A46D-7F1A0BEC9457}.Debug|Any CPU.ActiveCfg = Debug|Any CPU
		{2598FB6F-D3C3-4FA2-A46D-7F1A0BEC9457}.Debug|Any CPU.Build.0 = Debug|Any CPU
		{2598FB6F-D3C3-4FA2-A46D-7F1A0BEC9457}.Release|Any CPU.ActiveCfg = Release|Any CPU
		{2598FB6F-D3C3-4FA2-A46D-7F1A0BEC9457}.Release|Any CPU.Build.0 = Release|Any CPU
	EndGlobalSection
	GlobalSection(SolutionProperties) = preSolution
		HideSolutionNode = FALSE
	EndGlobalSection
	GlobalSection(ExtensibilityGlobals) = postSolution
		SolutionGuid = {3BF55772-DB82-4C3F-9B6F-7AD2C53BFECD}
	EndGlobalSection
EndGlobal
